
Microsoft Visual Studio Solution File, Format Version 12.00
# Visual Studio 2017
Project("{FAE04EC0-301F-11D3-BF4B-00C04F79EFBC}") = "IDK", "IDK.csproj", "{ED146945-A55D-451D-2A86-459E1219BDCA}"
EndProject
Global
	GlobalSection(SolutionConfigurationPlatforms) = preSolution
		Debug|Any CPU = Debug|Any CPU
		Release|Any CPU = Release|Any CPU
	EndGlobalSection
	GlobalSection(ProjectConfigurationPlatforms) = postSolution
		{ED146945-A55D-451D-2A86-459E1219BDCA}.Debug|Any CPU.ActiveCfg = Debug|Any CPU
		{ED146945-A55D-451D-2A86-459E1219BDCA}.Debug|Any CPU.Build.0 = Debug|Any CPU
		{ED146945-A55D-451D-2A86-459E1219BDCA}.Release|Any CPU.ActiveCfg = Release|Any CPU
		{ED146945-A55D-451D-2A86-459E1219BDCA}.Release|Any CPU.Build.0 = Release|Any CPU
	EndGlobalSection
	GlobalSection(SolutionProperties) = preSolution
		HideSolutionNode = FALSE
	EndGlobalSection
EndGlobal
